
Microsoft Visual Studio Solution File, Format Version 12.00
# Visual Studio Version 17
VisualStudioVersion = 17.7.34024.191
MinimumVisualStudioVersion = 10.0.40219.1
Project("{FAE04EC0-301F-11D3-BF4B-00C04F79EFBC}") = "Hello World", "Hello World.csproj", "{DCFF813B-FAED-4523-B6DE-4EC23CF16FC1}"
EndProject
Global
	GlobalSection(SolutionConfigurationPlatforms) = preSolution
		Debug|Any CPU = Debug|Any CPU
		Release|Any CPU = Release|Any CPU
	EndGlobalSection
	GlobalSection(ProjectConfigurationPlatforms) = postSolution
		{DCFF813B-FAED-4523-B6DE-4EC23CF16FC1}.Debug|Any CPU.ActiveCfg = Debug|Any CPU
		{DCFF813B-FAED-4523-B6DE-4EC23CF16FC1}.Debug|Any CPU.Build.0 = Debug|Any CPU
		{DCFF813B-FAED-4523-B6DE-4EC23CF16FC1}.Release|Any CPU.ActiveCfg = Release|Any CPU
		{DCFF813B-FAED-4523-B6DE-4EC23CF16FC1}.Release|Any CPU.Build.0 = Release|Any CPU
	EndGlobalSection
	GlobalSection(SolutionProperties) = preSolution
		HideSolutionNode = FALSE
	EndGlobalSection
	GlobalSection(ExtensibilityGlobals) = postSolution
		SolutionGuid = {2B87CF45-3C5E-4083-9035-798418F81C79}
	EndGlobalSection
EndGlobal
