
Microsoft Visual Studio Solution File, Format Version 12.00
# Visual Studio Version 17
VisualStudioVersion = 17.7.34024.191
MinimumVisualStudioVersion = 10.0.40219.1
Project("{FAE04EC0-301F-11D3-BF4B-00C04F79EFBC}") = "ProcuctMicroService", "ProcuctMicroService.csproj", "{7434D594-2833-4CD3-BC3B-CC961979220A}"
EndProject
Global
	GlobalSection(SolutionConfigurationPlatforms) = preSolution
		Debug|Any CPU = Debug|Any CPU
		Release|Any CPU = Release|Any CPU
	EndGlobalSection
	GlobalSection(ProjectConfigurationPlatforms) = postSolution
		{7434D594-2833-4CD3-BC3B-CC961979220A}.Debug|Any CPU.ActiveCfg = Debug|Any CPU
		{7434D594-2833-4CD3-BC3B-CC961979220A}.Debug|Any CPU.Build.0 = Debug|Any CPU
		{7434D594-2833-4CD3-BC3B-CC961979220A}.Release|Any CPU.ActiveCfg = Release|Any CPU
		{7434D594-2833-4CD3-BC3B-CC961979220A}.Release|Any CPU.Build.0 = Release|Any CPU
	EndGlobalSection
	GlobalSection(SolutionProperties) = preSolution
		HideSolutionNode = FALSE
	EndGlobalSection
	GlobalSection(ExtensibilityGlobals) = postSolution
		SolutionGuid = {0F4F4159-B39E-40B6-8924-80E5CB30DFF5}
	EndGlobalSection
EndGlobal
