
Microsoft Visual Studio Solution File, Format Version 12.00
# Visual Studio Version 17
VisualStudioVersion = 17.7.34024.191
MinimumVisualStudioVersion = 10.0.40219.1
Project("{FAE04EC0-301F-11D3-BF4B-00C04F79EFBC}") = "CreationalAbstractFactory", "CreationalAbstractFactory.csproj", "{A0202C1E-8429-444B-BDB9-2E60A33DF4FB}"
EndProject
Global
	GlobalSection(SolutionConfigurationPlatforms) = preSolution
		Debug|Any CPU = Debug|Any CPU
		Release|Any CPU = Release|Any CPU
	EndGlobalSection
	GlobalSection(ProjectConfigurationPlatforms) = postSolution
		{A0202C1E-8429-444B-BDB9-2E60A33DF4FB}.Debug|Any CPU.ActiveCfg = Debug|Any CPU
		{A0202C1E-8429-444B-BDB9-2E60A33DF4FB}.Debug|Any CPU.Build.0 = Debug|Any CPU
		{A0202C1E-8429-444B-BDB9-2E60A33DF4FB}.Release|Any CPU.ActiveCfg = Release|Any CPU
		{A0202C1E-8429-444B-BDB9-2E60A33DF4FB}.Release|Any CPU.Build.0 = Release|Any CPU
	EndGlobalSection
	GlobalSection(SolutionProperties) = preSolution
		HideSolutionNode = FALSE
	EndGlobalSection
	GlobalSection(ExtensibilityGlobals) = postSolution
		SolutionGuid = {FD6EDB61-853B-48F0-86F9-8BA25E6C48F6}
	EndGlobalSection
EndGlobal
