
Microsoft Visual Studio Solution File, Format Version 12.00
# Visual Studio Version 17
VisualStudioVersion = 17.7.34024.191
MinimumVisualStudioVersion = 10.0.40219.1
Project("{FAE04EC0-301F-11D3-BF4B-00C04F79EFBC}") = "PolyCatnDog", "PolyCatnDog.csproj", "{F4BCB64F-1EDD-4F12-958C-45F0E8C75DFC}"
EndProject
Global
	GlobalSection(SolutionConfigurationPlatforms) = preSolution
		Debug|Any CPU = Debug|Any CPU
		Release|Any CPU = Release|Any CPU
	EndGlobalSection
	GlobalSection(ProjectConfigurationPlatforms) = postSolution
		{F4BCB64F-1EDD-4F12-958C-45F0E8C75DFC}.Debug|Any CPU.ActiveCfg = Debug|Any CPU
		{F4BCB64F-1EDD-4F12-958C-45F0E8C75DFC}.Debug|Any CPU.Build.0 = Debug|Any CPU
		{F4BCB64F-1EDD-4F12-958C-45F0E8C75DFC}.Release|Any CPU.ActiveCfg = Release|Any CPU
		{F4BCB64F-1EDD-4F12-958C-45F0E8C75DFC}.Release|Any CPU.Build.0 = Release|Any CPU
	EndGlobalSection
	GlobalSection(SolutionProperties) = preSolution
		HideSolutionNode = FALSE
	EndGlobalSection
	GlobalSection(ExtensibilityGlobals) = postSolution
		SolutionGuid = {9D1F9941-EA93-435A-AF7E-B2C11AC2F9AD}
	EndGlobalSection
EndGlobal
