
Microsoft Visual Studio Solution File, Format Version 12.00
# Visual Studio Version 17
VisualStudioVersion = 17.7.34024.191
MinimumVisualStudioVersion = 10.0.40219.1
Project("{FAE04EC0-301F-11D3-BF4B-00C04F79EFBC}") = "Exercise CardDeck", "Exercise CardDeck\Exercise CardDeck.csproj", "{8F60E793-F352-43A1-A439-61264F5B4A35}"
EndProject
Global
	GlobalSection(SolutionConfigurationPlatforms) = preSolution
		Debug|Any CPU = Debug|Any CPU
		Release|Any CPU = Release|Any CPU
	EndGlobalSection
	GlobalSection(ProjectConfigurationPlatforms) = postSolution
		{8F60E793-F352-43A1-A439-61264F5B4A35}.Debug|Any CPU.ActiveCfg = Debug|Any CPU
		{8F60E793-F352-43A1-A439-61264F5B4A35}.Debug|Any CPU.Build.0 = Debug|Any CPU
		{8F60E793-F352-43A1-A439-61264F5B4A35}.Release|Any CPU.ActiveCfg = Release|Any CPU
		{8F60E793-F352-43A1-A439-61264F5B4A35}.Release|Any CPU.Build.0 = Release|Any CPU
	EndGlobalSection
	GlobalSection(SolutionProperties) = preSolution
		HideSolutionNode = FALSE
	EndGlobalSection
	GlobalSection(ExtensibilityGlobals) = postSolution
		SolutionGuid = {FACD9FB3-DDB2-4335-8F5F-4840C30E9A28}
	EndGlobalSection
EndGlobal
