
Microsoft Visual Studio Solution File, Format Version 12.00
# Visual Studio Version 17
VisualStudioVersion = 17.7.34024.191
MinimumVisualStudioVersion = 10.0.40219.1
Project("{FAE04EC0-301F-11D3-BF4B-00C04F79EFBC}") = "DataAdapter", "DataAdapter.csproj", "{A5216A69-0FAF-4D6C-96D2-9C389713E769}"
EndProject
Global
	GlobalSection(SolutionConfigurationPlatforms) = preSolution
		Debug|Any CPU = Debug|Any CPU
		Release|Any CPU = Release|Any CPU
	EndGlobalSection
	GlobalSection(ProjectConfigurationPlatforms) = postSolution
		{A5216A69-0FAF-4D6C-96D2-9C389713E769}.Debug|Any CPU.ActiveCfg = Debug|Any CPU
		{A5216A69-0FAF-4D6C-96D2-9C389713E769}.Debug|Any CPU.Build.0 = Debug|Any CPU
		{A5216A69-0FAF-4D6C-96D2-9C389713E769}.Release|Any CPU.ActiveCfg = Release|Any CPU
		{A5216A69-0FAF-4D6C-96D2-9C389713E769}.Release|Any CPU.Build.0 = Release|Any CPU
	EndGlobalSection
	GlobalSection(SolutionProperties) = preSolution
		HideSolutionNode = FALSE
	EndGlobalSection
	GlobalSection(ExtensibilityGlobals) = postSolution
		SolutionGuid = {503A2553-7EB7-4FB1-9CA4-8E43CEAB5FC4}
	EndGlobalSection
EndGlobal
