
Microsoft Visual Studio Solution File, Format Version 12.00
# Visual Studio Version 17
VisualStudioVersion = 17.7.34024.191
MinimumVisualStudioVersion = 10.0.40219.1
Project("{FAE04EC0-301F-11D3-BF4B-00C04F79EFBC}") = "Associaton", "Associaton.csproj", "{DE84B2BE-2EAE-40E9-8F70-4FD8340F1FE8}"
EndProject
Global
	GlobalSection(SolutionConfigurationPlatforms) = preSolution
		Debug|Any CPU = Debug|Any CPU
		Release|Any CPU = Release|Any CPU
	EndGlobalSection
	GlobalSection(ProjectConfigurationPlatforms) = postSolution
		{DE84B2BE-2EAE-40E9-8F70-4FD8340F1FE8}.Debug|Any CPU.ActiveCfg = Debug|Any CPU
		{DE84B2BE-2EAE-40E9-8F70-4FD8340F1FE8}.Debug|Any CPU.Build.0 = Debug|Any CPU
		{DE84B2BE-2EAE-40E9-8F70-4FD8340F1FE8}.Release|Any CPU.ActiveCfg = Release|Any CPU
		{DE84B2BE-2EAE-40E9-8F70-4FD8340F1FE8}.Release|Any CPU.Build.0 = Release|Any CPU
	EndGlobalSection
	GlobalSection(SolutionProperties) = preSolution
		HideSolutionNode = FALSE
	EndGlobalSection
	GlobalSection(ExtensibilityGlobals) = postSolution
		SolutionGuid = {8EDC883E-20F4-4984-9147-68AA44909300}
	EndGlobalSection
EndGlobal
